
Microsoft Visual Studio Solution File, Format Version 12.00
# Visual Studio Version 17
VisualStudioVersion = 17.5.002.0
MinimumVisualStudioVersion = 10.0.40219.1
Project("{9A19103F-16F7-4668-BE54-9A1E7A4F7556}") = "AzureBlobApp", "AzureBlobApp.csproj", "{122EA440-C295-49B1-B7B4-A5DDEF2852AA}"
EndProject
Global
	GlobalSection(SolutionConfigurationPlatforms) = preSolution
		Debug|Any CPU = Debug|Any CPU
		Release|Any CPU = Release|Any CPU
	EndGlobalSection
	GlobalSection(ProjectConfigurationPlatforms) = postSolution
		{122EA440-C295-49B1-B7B4-A5DDEF2852AA}.Debug|Any CPU.ActiveCfg = Debug|Any CPU
		{122EA440-C295-49B1-B7B4-A5DDEF2852AA}.Debug|Any CPU.Build.0 = Debug|Any CPU
		{122EA440-C295-49B1-B7B4-A5DDEF2852AA}.Release|Any CPU.ActiveCfg = Release|Any CPU
		{122EA440-C295-49B1-B7B4-A5DDEF2852AA}.Release|Any CPU.Build.0 = Release|Any CPU
	EndGlobalSection
	GlobalSection(SolutionProperties) = preSolution
		HideSolutionNode = FALSE
	EndGlobalSection
	GlobalSection(ExtensibilityGlobals) = postSolution
		SolutionGuid = {B2C15B51-80B3-4AC3-84EC-B158D2DBCB8C}
	EndGlobalSection
EndGlobal
